
Microsoft Visual Studio Solution File, Format Version 12.00
# Visual Studio Version 17
VisualStudioVersion = 17.13.35931.197 d17.13
MinimumVisualStudioVersion = 10.0.40219.1
Project("{FAE04EC0-301F-11D3-BF4B-00C04F79EFBC}") = "FlightPro", "FlightPro\FlightPro.csproj", "{5DAF2DB6-2121-455D-B340-06B6068AEB0E}"
EndProject
Global
	GlobalSection(SolutionConfigurationPlatforms) = preSolution
		Debug|Any CPU = Debug|Any CPU
		Release|Any CPU = Release|Any CPU
	EndGlobalSection
	GlobalSection(ProjectConfigurationPlatforms) = postSolution
		{5DAF2DB6-2121-455D-B340-06B6068AEB0E}.Debug|Any CPU.ActiveCfg = Debug|Any CPU
		{5DAF2DB6-2121-455D-B340-06B6068AEB0E}.Debug|Any CPU.Build.0 = Debug|Any CPU
		{5DAF2DB6-2121-455D-B340-06B6068AEB0E}.Release|Any CPU.ActiveCfg = Release|Any CPU
		{5DAF2DB6-2121-455D-B340-06B6068AEB0E}.Release|Any CPU.Build.0 = Release|Any CPU
	EndGlobalSection
	GlobalSection(SolutionProperties) = preSolution
		HideSolutionNode = FALSE
	EndGlobalSection
	GlobalSection(ExtensibilityGlobals) = postSolution
		SolutionGuid = {165220E7-1EB8-434A-A9F3-38B58E8475E4}
	EndGlobalSection
EndGlobal
